{
    "hash": "8810e363d51f3b3f55f1662f630d2e45",
    "packages": [
        {
            "name": "ZfcTwitterBootstrap",
            "version": "master",
            "source": {
                "type": "git",
                "url": "https://github.com/mwillbanks/ZfcTwitterBootstrap",
                "reference": "master"
            },
            "time": "2013-02-07 18:55:00",
            "type": "library"
        },
        {
            "name": "bjyoungblood/bjy-authorize",
            "version": "1.1.1",
            "source": {
                "type": "git",
                "url": "git://github.com/bjyoungblood/BjyAuthorize.git",
                "reference": "1.1.1"
            },
            "dist": {
                "type": "zip",
                "url": "https://api.github.com/repos/bjyoungblood/BjyAuthorize/zipball/1.1.1",
                "reference": "1.1.1",
                "shasum": ""
            },
            "require": {
                "php": ">=5.3.3",
                "zendframework/zend-eventmanager": "2.*",
                "zendframework/zend-mvc": "2.*",
                "zendframework/zend-permissions-acl": "2.*",
                "zendframework/zend-servicemanager": "2.*",
                "zendframework/zend-view": "2.*",
                "zf-commons/zfc-base": ">=0.1,<1.0",
                "zf-commons/zfc-user": ">=0.1,<1.0"
            },
            "require-dev": {
                "doctrine/doctrine-orm-module": "0.*"
            },
            "time": "2013-02-08 16:44:02",
            "type": "library",
            "autoload": {
                "psr-0": {
                    "BjyAuthorize\\": "src/"
                }
            },
            "notification-url": "https://packagist.org/downloads/",
            "license": [
                "BSD-3-Clause"
            ],
            "authors": [
                {
                    "name": "Ben Youngblood",
                    "email": "bx.youngblood@gmail.com",
                    "homepage": "http://bjyoungblood.com/"
                }
            ],
            "description": "Zend\\Acl based firewall system for ZF2 dispatch protection",
            "homepage": "https://github.com/bjyoungblood/BjyAuthorize",
            "keywords": [
                "acl",
                "zf2",
                "zfc-user"
            ]
        },
        {
            "name": "dflydev/markdown",
            "version": "v1.0.2",
            "source": {
                "type": "git",
                "url": "https://github.com/dflydev/dflydev-markdown.git",
                "reference": "v1.0.2"
            },
            "dist": {
                "type": "zip",
                "url": "https://github.com/dflydev/dflydev-markdown/zipball/v1.0.2",
                "reference": "v1.0.2",
                "shasum": ""
            },
            "require": {
                "php": ">=5.3"
            },
            "time": "2012-01-15 19:36:37",
            "type": "library",
            "autoload": {
                "psr-0": {
                    "dflydev\\markdown": "src"
                }
            },
            "notification-url": "https://packagist.org/downloads/",
            "license": [
                "New BSD License"
            ],
            "authors": [
                {
                    "name": "Dragonfly Development Inc.",
                    "email": "info@dflydev.com",
                    "homepage": "http://dflydev.com"
                },
                {
                    "name": "Beau Simensen",
                    "email": "beau@dflydev.com",
                    "homepage": "http://beausimensen.com"
                },
                {
                    "name": "Michel Fortin",
                    "homepage": "http://michelf.com"
                },
                {
                    "name": "John Gruber",
                    "homepage": "http://daringfireball.net"
                }
            ],
            "description": "PHP Markdown & Extra",
            "homepage": "http://github.com/dflydev/dflydev-markdown",
            "keywords": [
                "markdown"
            ]
        },
        {
            "name": "doctrine/common",
            "version": "2.3.0",
            "source": {
                "type": "git",
                "url": "https://github.com/doctrine/common",
                "reference": "2.3.0"
            },
            "dist": {
                "type": "zip",
                "url": "https://github.com/doctrine/common/zipball/2.3.0",
                "reference": "2.3.0",
                "shasum": ""
            },
            "require": {
                "php": ">=5.3.2"
            },
            "time": "2012-09-19 22:55:18",
            "type": "library",
            "extra": {
                "branch-alias": {
                    "dev-master": "2.3.x-dev"
                }
            },
            "autoload": {
                "psr-0": {
                    "Doctrine\\Common": "lib/"
                }
            },
            "notification-url": "https://packagist.org/downloads/",
            "license": [
                "MIT"
            ],
            "authors": [
                {
                    "name": "Jonathan Wage",
                    "email": "jonwage@gmail.com",
                    "homepage": "http://www.jwage.com/"
                },
                {
                    "name": "Guilherme Blanco",
                    "email": "guilhermeblanco@gmail.com",
                    "homepage": "http://www.instaclick.com"
                },
                {
                    "name": "Roman Borschel",
                    "email": "roman@code-factory.org"
                },
                {
                    "name": "Benjamin Eberlei",
                    "email": "kontakt@beberlei.de"
                },
                {
                    "name": "Johannes Schmitt",
                    "email": "schmittjoh@gmail.com",
                    "homepage": "https://github.com/schmittjoh",
                    "role": "Developer of wrapped JMSSerializerBundle"
                }
            ],
            "description": "Common Library for Doctrine projects",
            "homepage": "http://www.doctrine-project.org",
            "keywords": [
                "annotations",
                "collections",
                "eventmanager",
                "persistence",
                "spl"
            ]
        },
        {
            "name": "doctrine/dbal",
            "version": "2.3.2",
            "source": {
                "type": "git",
                "url": "https://github.com/doctrine/dbal",
                "reference": "2.3.2"
            },
            "dist": {
                "type": "zip",
                "url": "https://github.com/doctrine/dbal/archive/2.3.2.zip",
                "reference": "2.3.2",
                "shasum": ""
            },
            "require": {
                "doctrine/common": "2.3.*",
                "php": ">=5.3.2"
            },
            "time": "2013-01-07 20:03:43",
            "type": "library",
            "extra": {
                "branch-alias": {
                    "dev-master": "2.3.x-dev"
                }
            },
            "autoload": {
                "psr-0": {
                    "Doctrine\\DBAL": "lib/"
                }
            },
            "notification-url": "https://packagist.org/downloads/",
            "license": [
                "MIT"
            ],
            "authors": [
                {
                    "name": "Jonathan Wage",
                    "email": "jonwage@gmail.com",
                    "homepage": "http://www.jwage.com/"
                },
                {
                    "name": "Guilherme Blanco",
                    "email": "guilhermeblanco@gmail.com",
                    "homepage": "http://www.instaclick.com"
                },
                {
                    "name": "Roman Borschel",
                    "email": "roman@code-factory.org"
                },
                {
                    "name": "Benjamin Eberlei",
                    "email": "kontakt@beberlei.de"
                }
            ],
            "description": "Database Abstraction Layer",
            "homepage": "http://www.doctrine-project.org",
            "keywords": [
                "database",
                "dbal",
                "persistence",
                "queryobject"
            ]
        },
        {
            "name": "doctrine/doctrine-module",
            "version": "0.7.1",
            "source": {
                "type": "git",
                "url": "git://github.com/doctrine/DoctrineModule.git",
                "reference": "0.7.1"
            },
            "dist": {
                "type": "zip",
                "url": "https://github.com/doctrine/DoctrineModule/archive/0.7.1.zip",
                "reference": "0.7.1",
                "shasum": ""
            },
            "require": {
                "doctrine/common": ">=2.3-dev,<2.5-dev",
                "php": ">=5.3.3",
                "symfony/console": ">=2.0.13",
                "zendframework/zend-authentication": "2.*",
                "zendframework/zend-cache": "2.*",
                "zendframework/zend-mvc": "2.*",
                "zendframework/zend-paginator": "2.*",
                "zendframework/zend-servicemanager": "2.*",
                "zendframework/zend-stdlib": "2.*",
                "zendframework/zend-validator": "2.*"
            },
            "suggest": {
                "doctrine/data-fixtures": "Data Fixtures if you want to generate test data or bootstrap data for your deployments"
            },
            "time": "2013-01-14 14:25:26",
            "bin": [
                "bin/doctrine-module"
            ],
            "type": "library",
            "extra": {
                "branch-alias": {
                    "dev-master": "0.8.x-dev"
                }
            },
            "autoload": {
                "psr-0": {
                    "DoctrineModule\\": "src/",
                    "DoctrineModuleTest\\": "tests/"
                }
            },
            "notification-url": "https://packagist.org/downloads/",
            "license": [
                "MIT"
            ],
            "authors": [
                {
                    "name": "Kyle Spraggs",
                    "email": "theman@spiffyjr.me",
                    "homepage": "http://www.spiffyjr.me/"
                },
                {
                    "name": "Marco Pivetta",
                    "email": "ocramius@gmail.com",
                    "homepage": "http://marco-pivetta.com/",
                    "role": "Developer"
                },
                {
                    "name": "Evan Coury",
                    "email": "me@evancoury.com",
                    "homepage": "http://blog.evan.pro/"
                },
                {
                    "name": "Guilherme Blanco",
                    "email": "guilhermeblanco@hotmail.com"
                },
                {
                    "name": "Michaël Gallego",
                    "email": "mic.gallego@gmail.com",
                    "homepage": "http://www.michaelgallego.fr"
                }
            ],
            "description": "Zend Framework 2 Module that provides Doctrine basic functionality required for ORM and ODM modules",
            "homepage": "http://www.doctrine-project.org/",
            "keywords": [
                "doctrine",
                "module",
                "zf2"
            ]
        },
        {
            "name": "doctrine/doctrine-orm-module",
            "version": "dev-master",
            "source": {
                "type": "git",
                "url": "git://github.com/doctrine/DoctrineORMModule.git",
                "reference": "8da0dab03be4f282b97632d54979d6b45d6bf479"
            },
            "dist": {
                "type": "zip",
                "url": "https://github.com/doctrine/DoctrineORMModule/archive/8da0dab03be4f282b97632d54979d6b45d6bf479.zip",
                "reference": "8da0dab03be4f282b97632d54979d6b45d6bf479",
                "shasum": ""
            },
            "require": {
                "doctrine/dbal": ">=2.3-dev,<2.5-dev",
                "doctrine/doctrine-module": "0.7.*",
                "doctrine/orm": ">=2.3-dev,<2.5-dev",
                "php": ">=5.3.3",
                "zendframework/zend-form": "2.*",
                "zendframework/zend-mvc": "2.*",
                "zendframework/zend-servicemanager": "2.*",
                "zendframework/zend-stdlib": "2.*"
            },
            "require-dev": {
                "doctrine/migrations": "1.*",
                "zendframework/zend-developer-tools": "dev-master"
            },
            "suggest": {
                "doctrine/migrations": "doctrine migrations if you want to keep your schema definitions versioned",
                "zendframework/zend-developer-tools": "zend-developer-tools if you want to profile operations executed by the ORM during development"
            },
            "time": "2013-01-23 19:32:00",
            "type": "library",
            "extra": {
                "branch-alias": {
                    "dev-master": "0.8.x-dev"
                }
            },
            "autoload": {
                "psr-0": {
                    "DoctrineORMModule\\": "src/",
                    "DoctrineORMModuleTest\\": "tests/"
                }
            },
            "notification-url": "https://packagist.org/downloads/",
            "license": [
                "MIT"
            ],
            "authors": [
                {
                    "name": "Kyle Spraggs",
                    "email": "theman@spiffyjr.me",
                    "homepage": "http://www.spiffyjr.me/"
                },
                {
                    "name": "Marco Pivetta",
                    "email": "ocramius@gmail.com",
                    "homepage": "http://marco-pivetta.com/",
                    "role": "Developer"
                },
                {
                    "name": "Evan Coury",
                    "email": "me@evancoury.com",
                    "homepage": "http://blog.evan.pro/"
                },
                {
                    "name": "Guilherme Blanco",
                    "email": "guilhermeblanco@hotmail.com"
                }
            ],
            "description": "Zend Framework 2 Module that provides Doctrine ORM functionality",
            "homepage": "http://www.doctrine-project.org/",
            "keywords": [
                "doctrine",
                "module",
                "orm",
                "zf2"
            ]
        },
        {
            "name": "doctrine/migrations",
            "version": "dev-master",
            "source": {
                "type": "git",
                "url": "https://github.com/doctrine/migrations",
                "reference": "e1f6efcd94993b493de5c6a413cbc327ea9c0caa"
            },
            "dist": {
                "type": "zip",
                "url": "https://github.com/doctrine/migrations/archive/e1f6efcd94993b493de5c6a413cbc327ea9c0caa.zip",
                "reference": "e1f6efcd94993b493de5c6a413cbc327ea9c0caa",
                "shasum": ""
            },
            "require": {
                "doctrine/dbal": ">=2.0,<2.5.x-dev",
                "php": ">=5.3.2"
            },
            "require-dev": {
                "symfony/console": "2.*",
                "symfony/yaml": "2.*"
            },
            "suggest": {
                "symfony/console": "to run the migration from the console"
            },
            "time": "2012-12-27 16:39:29",
            "type": "library",
            "autoload": {
                "psr-0": {
                    "Doctrine\\DBAL\\Migrations": "lib"
                }
            },
            "notification-url": "https://packagist.org/downloads/",
            "license": [
                "LGPL"
            ],
            "authors": [
                {
                    "name": "Jonathan Wage",
                    "email": "jonwage@gmail.com",
                    "homepage": "http://www.jwage.com/"
                },
                {
                    "name": "Benjamin Eberlei",
                    "email": "kontakt@beberlei.de"
                }
            ],
            "description": "Database Schema migrations using Doctrine DBAL",
            "homepage": "http://www.doctrine-project.org",
            "keywords": [
                "database",
                "migrations"
            ]
        },
        {
            "name": "doctrine/orm",
            "version": "2.3.2",
            "source": {
                "type": "git",
                "url": "git://github.com/doctrine/doctrine2.git",
                "reference": "2.3.2"
            },
            "dist": {
                "type": "zip",
                "url": "https://github.com/doctrine/doctrine2/archive/2.3.2.zip",
                "reference": "2.3.2",
                "shasum": ""
            },
            "require": {
                "doctrine/dbal": "2.3.*",
                "ext-pdo": "*",
                "php": ">=5.3.2",
                "symfony/console": "2.*"
            },
            "suggest": {
                "symfony/yaml": "If you want to use YAML Metadata Mapping Driver"
            },
            "time": "2013-01-07 20:05:04",
            "bin": [
                "bin/doctrine",
                "bin/doctrine.php"
            ],
            "type": "library",
            "extra": {
                "branch-alias": {
                    "dev-master": "2.3.x-dev"
                }
            },
            "autoload": {
                "psr-0": {
                    "Doctrine\\ORM": "lib/"
                }
            },
            "notification-url": "https://packagist.org/downloads/",
            "license": [
                "MIT"
            ],
            "authors": [
                {
                    "name": "Jonathan Wage",
                    "email": "jonwage@gmail.com",
                    "homepage": "http://www.jwage.com/"
                },
                {
                    "name": "Guilherme Blanco",
                    "email": "guilhermeblanco@gmail.com",
                    "homepage": "http://www.instaclick.com"
                },
                {
                    "name": "Roman Borschel",
                    "email": "roman@code-factory.org"
                },
                {
                    "name": "Benjamin Eberlei",
                    "email": "kontakt@beberlei.de"
                }
            ],
            "description": "Object-Relational-Mapper for PHP",
            "homepage": "http://www.doctrine-project.org",
            "keywords": [
                "database",
                "orm"
            ]
        },
        {
            "name": "gedmo/doctrine-extensions",
            "version": "v2.3.4",
            "source": {
                "type": "git",
                "url": "git://github.com/l3pp4rd/DoctrineExtensions.git",
                "reference": "v2.3.4"
            },
            "dist": {
                "type": "zip",
                "url": "https://api.github.com/repos/l3pp4rd/DoctrineExtensions/zipball/v2.3.4",
                "reference": "v2.3.4",
                "shasum": ""
            },
            "require": {
                "doctrine/common": ">=2.2,<2.5-dev",
                "php": ">=5.3.2"
            },
            "require-dev": {
                "doctrine/dbal": ">=2.2",
                "doctrine/mongodb": "1.0.1",
                "doctrine/mongodb-odm": "1.0.0-BETA7",
                "doctrine/orm": ">=2.2",
                "symfony/yaml": "2.*"
            },
            "suggest": {
                "doctrine/dbal": ">=2.3.2",
                "doctrine/mongodb": ">=1.0.1",
                "doctrine/mongodb-odm": ">=1.0.0-BETA7",
                "doctrine/orm": ">=2.3.2"
            },
            "time": "2013-02-05 13:39:54",
            "type": "library",
            "extra": {
                "branch-alias": {
                    "dev-master": "2.3.x-dev"
                }
            },
            "autoload": {
                "psr-0": {
                    "Gedmo": "lib/"
                }
            },
            "notification-url": "https://packagist.org/downloads/",
            "license": [
                "MIT"
            ],
            "authors": [
                {
                    "name": "David Buchmann",
                    "email": "david@liip.ch"
                },
                {
                    "name": "Gediminas Morkevicius",
                    "email": "gediminas.morkevicius@gmail.com"
                },
                {
                    "name": "Gustavo Falco",
                    "email": "comfortablynumb84@gmail.com"
                }
            ],
            "description": "Doctrine2 behavioral extensions",
            "homepage": "http://gediminasm.org/",
            "keywords": [
                "Blameable",
                "behaviors",
                "doctrine2",
                "extensions",
                "gedmo",
                "loggable",
                "nestedset",
                "sluggable",
                "sortable",
                "timestampable",
                "translatable",
                "tree",
                "uploadable"
            ]
        },
        {
            "name": "symfony/console",
            "version": "v2.1.7",
            "target-dir": "Symfony/Component/Console",
            "source": {
                "type": "git",
                "url": "https://github.com/symfony/Console",
                "reference": "v2.1.7"
            },
            "dist": {
                "type": "zip",
                "url": "https://github.com/symfony/Console/archive/v2.1.7.zip",
                "reference": "v2.1.7",
                "shasum": ""
            },
            "require": {
                "php": ">=5.3.3"
            },
            "time": "2013-01-17 15:20:05",
            "type": "library",
            "autoload": {
                "psr-0": {
                    "Symfony\\Component\\Console": ""
                }
            },
            "notification-url": "https://packagist.org/downloads/",
            "license": [
                "MIT"
            ],
            "authors": [
                {
                    "name": "Fabien Potencier",
                    "email": "fabien@symfony.com"
                },
                {
                    "name": "Symfony Community",
                    "homepage": "http://symfony.com/contributors"
                }
            ],
            "description": "Symfony Console Component",
            "homepage": "http://symfony.com"
        },
        {
            "name": "zendframework/zend-developer-tools",
            "version": "dev-master",
            "source": {
                "type": "git",
                "url": "https://github.com/zendframework/ZendDeveloperTools.git",
                "reference": "e930bd2feaf13e046e6896d18d4218e31c3ddaf1"
            },
            "dist": {
                "type": "zip",
                "url": "https://github.com/zendframework/ZendDeveloperTools/archive/e930bd2feaf13e046e6896d18d4218e31c3ddaf1.zip",
                "reference": "e930bd2feaf13e046e6896d18d4218e31c3ddaf1",
                "shasum": ""
            },
            "require": {
                "php": ">=5.3.3",
                "zendframework/zendframework": "2.*"
            },
            "suggest": {
                "bjyoungblood/bjy-profiler": "Version: dev-master, allows the usage of the (Zend) Db collector."
            },
            "time": "2012-10-28 12:50:39",
            "type": "zf-module",
            "autoload": {
                "psr-0": {
                    "ZendDeveloperTools": "src/"
                },
                "classmap": [
                    "./Module.php"
                ]
            },
            "notification-url": "https://packagist.org/downloads/",
            "license": [
                "BSD-3-Clause"
            ],
            "authors": [
                {
                    "name": "Evan Coury",
                    "email": "me@evancoury.com",
                    "homepage": "http://blog.evan.pro/"
                },
                {
                    "name": "Eric Boh",
                    "email": "cossish@gmail.com"
                }
            ],
            "description": "Module for developer and debug tools for working with the ZF2 MVC layer.",
            "homepage": "https://github.com/zendframework/ZendDeveloperTools",
            "keywords": [
                "debug",
                "developer",
                "module",
                "zf2"
            ]
        },
        {
            "name": "zendframework/zendframework",
            "version": "2.1.2",
            "source": {
                "type": "git",
                "url": "https://github.com/zendframework/zf2.git",
                "reference": "release-2.1.2"
            },
            "dist": {
                "type": "zip",
                "url": "https://api.github.com/repos/zendframework/zf2/zipball/release-2.1.2",
                "reference": "release-2.1.2",
                "shasum": ""
            },
            "require": {
                "php": ">=5.3.3"
            },
            "replace": {
                "zendframework/zend-authentication": "self.version",
                "zendframework/zend-barcode": "self.version",
                "zendframework/zend-cache": "self.version",
                "zendframework/zend-captcha": "self.version",
                "zendframework/zend-code": "self.version",
                "zendframework/zend-config": "self.version",
                "zendframework/zend-console": "self.version",
                "zendframework/zend-crypt": "self.version",
                "zendframework/zend-db": "self.version",
                "zendframework/zend-debug": "self.version",
                "zendframework/zend-di": "self.version",
                "zendframework/zend-dom": "self.version",
                "zendframework/zend-escaper": "self.version",
                "zendframework/zend-eventmanager": "self.version",
                "zendframework/zend-feed": "self.version",
                "zendframework/zend-file": "self.version",
                "zendframework/zend-filter": "self.version",
                "zendframework/zend-form": "self.version",
                "zendframework/zend-http": "self.version",
                "zendframework/zend-i18n": "self.version",
                "zendframework/zend-inputfilter": "self.version",
                "zendframework/zend-json": "self.version",
                "zendframework/zend-ldap": "self.version",
                "zendframework/zend-loader": "self.version",
                "zendframework/zend-log": "self.version",
                "zendframework/zend-mail": "self.version",
                "zendframework/zend-math": "self.version",
                "zendframework/zend-memory": "self.version",
                "zendframework/zend-mime": "self.version",
                "zendframework/zend-modulemanager": "self.version",
                "zendframework/zend-mvc": "self.version",
                "zendframework/zend-navigation": "self.version",
                "zendframework/zend-paginator": "self.version",
                "zendframework/zend-permissions-acl": "self.version",
                "zendframework/zend-permissions-rbac": "self.version",
                "zendframework/zend-progressbar": "self.version",
                "zendframework/zend-serializer": "self.version",
                "zendframework/zend-server": "self.version",
                "zendframework/zend-servicemanager": "self.version",
                "zendframework/zend-session": "self.version",
                "zendframework/zend-soap": "self.version",
                "zendframework/zend-stdlib": "self.version",
                "zendframework/zend-tag": "self.version",
                "zendframework/zend-test": "self.version",
                "zendframework/zend-text": "self.version",
                "zendframework/zend-uri": "self.version",
                "zendframework/zend-validator": "self.version",
                "zendframework/zend-version": "self.version",
                "zendframework/zend-view": "self.version",
                "zendframework/zend-xmlrpc": "self.version"
            },
            "require-dev": {
                "doctrine/common": ">=2.1",
                "phpunit/phpunit": "3.7.*"
            },
            "suggest": {
                "doctrine/common": "Doctrine\\Common >=2.1 for annotation features",
                "ext-intl": "ext/intl for i18n features",
                "pecl-weakref": "Implementation of weak references for Zend\\Stdlib\\CallbackHandler",
                "zendframework/zendpdf": "ZendPdf for creating PDF representations of barcodes",
                "zendframework/zendservice-recaptcha": "ZendService\\ReCaptcha for rendering ReCaptchas in Zend\\Captcha and/or Zend\\Form"
            },
            "time": "2013-02-20 19:05:13",
            "bin": [
                "bin/classmap_generator.php"
            ],
            "type": "library",
            "extra": {
                "branch-alias": {
                    "dev-master": "2.1-dev",
                    "dev-develop": "2.2-dev"
                }
            },
            "autoload": {
                "psr-0": {
                    "Zend\\": "library/",
                    "ZendTest\\": "tests/"
                },
                "files": [
                    "library/Zend/Stdlib/compatibility/autoload.php",
                    "library/Zend/Session/compatibility/autoload.php"
                ]
            },
            "notification-url": "https://packagist.org/downloads/",
            "license": [
                "BSD-3-Clause"
            ],
            "description": "Zend Framework 2",
            "homepage": "http://framework.zend.com/",
            "keywords": [
                "framework",
                "zf2"
            ]
        },
        {
            "name": "zf-commons/zfc-admin",
            "version": "dev-master",
            "source": {
                "type": "git",
                "url": "https://github.com/ZF-Commons/ZfcAdmin",
                "reference": "a42d266149d9444d27528e3c3253295d80d59bf6"
            },
            "dist": {
                "type": "zip",
                "url": "https://github.com/ZF-Commons/ZfcAdmin/archive/a42d266149d9444d27528e3c3253295d80d59bf6.zip",
                "reference": "a42d266149d9444d27528e3c3253295d80d59bf6",
                "shasum": ""
            },
            "require": {
                "php": ">=5.3.3",
                "zendframework/zendframework": "2.*"
            },
            "suggest": {
                "bjyoungblood/bjy-authorize": "Access control to protect ZfcAdmin against unauthorized users"
            },
            "time": "2012-10-30 07:58:51",
            "type": "library",
            "autoload": {
                "psr-0": {
                    "ZfcAdmin": "src/"
                },
                "classmap": [
                    "./Module.php"
                ]
            },
            "notification-url": "https://packagist.org/downloads/",
            "license": [
                "BSD-3-Clause"
            ],
            "authors": [
                {
                    "name": "Jurian Sluiman ",
                    "email": "jurian@juriansluiman.nl",
                    "homepage": "http://juriansluiman.nl/en/"
                },
                {
                    "name": "Martin Shwalbe",
                    "email": "martin.shwalbe@gmail.com",
                    "homepage": "http://hounddog.github.com"
                }
            ],
            "description": "A generic Admin module for ZF2.",
            "homepage": "https://github.com/juriansluiman/ZfcAdmin",
            "keywords": [
                "zf2"
            ]
        },
        {
            "name": "zf-commons/zfc-base",
            "version": "0.1.0",
            "source": {
                "type": "git",
                "url": "git://github.com/ZF-Commons/ZfcBase.git",
                "reference": "0.1.0"
            },
            "dist": {
                "type": "zip",
                "url": "https://api.github.com/repos/ZF-Commons/ZfcBase/zipball/0.1.0",
                "reference": "0.1.0",
                "shasum": ""
            },
            "require": {
                "php": ">=5.3.3",
                "zendframework/zendframework": "2.*"
            },
            "time": "2012-10-24 17:42:28",
            "type": "library",
            "autoload": {
                "psr-0": {
                    "ZfcBase": "src/"
                },
                "classmap": [
                    "./Module.php"
                ]
            },
            "notification-url": "https://packagist.org/downloads/",
            "authors": [
                {
                    "name": "Kyle Spraggs",
                    "email": "theman@spiffyjr.me",
                    "homepage": "http://www.spiffyjr.me/"
                },
                {
                    "name": "Evan Coury",
                    "email": "me@evancoury.com",
                    "homepage": "http://blog.evan.pro/"
                }
            ],
            "description": "A set of genetic (abstract) classes which are commonly used across multiple modules.",
            "homepage": "https://github.com/ZF-Commons/ZfcBase",
            "keywords": [
                "zf2"
            ]
        },
        {
            "name": "zf-commons/zfc-user",
            "version": "0.1.0",
            "source": {
                "type": "git",
                "url": "git://github.com/ZF-Commons/ZfcUser.git",
                "reference": "0.1.0"
            },
            "dist": {
                "type": "zip",
                "url": "https://api.github.com/repos/ZF-Commons/ZfcUser/zipball/0.1.0",
                "reference": "0.1.0",
                "shasum": ""
            },
            "require": {
                "php": ">=5.3.3",
                "zendframework/zendframework": "2.1.*",
                "zf-commons/zfc-base": "0.*"
            },
            "time": "2013-02-07 00:18:14",
            "type": "library",
            "autoload": {
                "psr-0": {
                    "ZfcUser": "src/"
                },
                "classmap": [
                    "./Module.php"
                ]
            },
            "notification-url": "https://packagist.org/downloads/",
            "authors": [
                {
                    "name": "Kyle Spraggs",
                    "email": "theman@spiffyjr.me",
                    "homepage": "http://www.spiffyjr.me/"
                },
                {
                    "name": "Evan Coury",
                    "email": "me@evancoury.com",
                    "homepage": "http://blog.evan.pro/"
                }
            ],
            "description": "A generic user registration and authentication module for ZF2. Supports Zend\\Db and Doctrine2.",
            "homepage": "https://github.com/ZF-Commons/ZfcUser",
            "keywords": [
                "zf2"
            ]
        },
        {
            "name": "zf-commons/zfc-user-doctrine-orm",
            "version": "0.1.1",
            "source": {
                "type": "git",
                "url": "git://github.com/ZF-Commons/ZfcUserDoctrineORM.git",
                "reference": "0.1.1"
            },
            "dist": {
                "type": "zip",
                "url": "https://api.github.com/repos/ZF-Commons/ZfcUserDoctrineORM/zipball/0.1.1",
                "reference": "0.1.1",
                "shasum": ""
            },
            "require": {
                "doctrine/doctrine-orm-module": "0.*",
                "php": ">=5.3.3",
                "zendframework/zendframework": "2.1.*",
                "zf-commons/zfc-base": "0.*",
                "zf-commons/zfc-user": "0.*"
            },
            "time": "2013-02-08 00:37:49",
            "type": "library",
            "autoload": {
                "psr-0": {
                    "ZfcUserDoctrineORM": "src/"
                },
                "classmap": [
                    "./"
                ]
            },
            "notification-url": "https://packagist.org/downloads/",
            "authors": [
                {
                    "name": "Kyle Spraggs",
                    "email": "theman@spiffyjr.me",
                    "homepage": "http://www.spiffyjr.me/"
                },
                {
                    "name": "Evan Coury",
                    "email": "me@evancoury.com",
                    "homepage": "http://blog.evan.pro/"
                }
            ],
            "description": "Doctrine2 ORM storage adapter for ZfcUser.",
            "homepage": "https://github.com/ZF-Commons/ZfcUserDoctrineORM",
            "keywords": [
                "zf2"
            ]
        }
    ],
    "packages-dev": null,
    "aliases": [

    ],
    "minimum-stability": "stable",
    "stability-flags": {
        "zendframework/zend-developer-tools": 20,
        "zf-commons/zfc-admin": 20,
        "doctrine/migrations": 20,
        "zfctwitterbootstrap": 20
    }
}
